
Microsoft Visual Studio Solution File, Format Version 12.00
# Visual Studio Version 16
VisualStudioVersion = 16.0.31112.23
MinimumVisualStudioVersion = 10.0.40219.1
Project("{FAE04EC0-301F-11D3-BF4B-00C04F79EFBC}") = "MoodAnalyser-MSTest", "MoodAnalyser-MSTest\MoodAnalyser-MSTest.csproj", "{F1F40AE3-0685-4513-B9A5-B25C83ABBB75}"
EndProject
Project("{FAE04EC0-301F-11D3-BF4B-00C04F79EFBC}") = "MoodAnalyser-Test1", "MoodAnalyser-Test1\MoodAnalyser-Test1.csproj", "{1C312866-8A2E-4713-90C0-BC961483F025}"
EndProject
Global
	GlobalSection(SolutionConfigurationPlatforms) = preSolution
		Debug|Any CPU = Debug|Any CPU
		Release|Any CPU = Release|Any CPU
	EndGlobalSection
	GlobalSection(ProjectConfigurationPlatforms) = postSolution
		{F1F40AE3-0685-4513-B9A5-B25C83ABBB75}.Debug|Any CPU.ActiveCfg = Debug|Any CPU
		{F1F40AE3-0685-4513-B9A5-B25C83ABBB75}.Debug|Any CPU.Build.0 = Debug|Any CPU
		{F1F40AE3-0685-4513-B9A5-B25C83ABBB75}.Release|Any CPU.ActiveCfg = Release|Any CPU
		{F1F40AE3-0685-4513-B9A5-B25C83ABBB75}.Release|Any CPU.Build.0 = Release|Any CPU
		{1C312866-8A2E-4713-90C0-BC961483F025}.Debug|Any CPU.ActiveCfg = Debug|Any CPU
		{1C312866-8A2E-4713-90C0-BC961483F025}.Debug|Any CPU.Build.0 = Debug|Any CPU
		{1C312866-8A2E-4713-90C0-BC961483F025}.Release|Any CPU.ActiveCfg = Release|Any CPU
		{1C312866-8A2E-4713-90C0-BC961483F025}.Release|Any CPU.Build.0 = Release|Any CPU
	EndGlobalSection
	GlobalSection(SolutionProperties) = preSolution
		HideSolutionNode = FALSE
	EndGlobalSection
	GlobalSection(ExtensibilityGlobals) = postSolution
		SolutionGuid = {A4522A1B-BD07-42F3-8542-A37869364C08}
	EndGlobalSection
EndGlobal
